// !$*UTF8*$!
{
	archiveVersion = 1;
	classes = {
	};
	objectVersion = 50;
	objects = {

/* Begin PBXBuildFile section */
		11B4DC0F240990BE0072F2A6 /* MatrixOperators.swift in Sources */ = {isa = PBXBuildFile; fileRef = 11B4DC0E240990BE0072F2A6 /* MatrixOperators.swift */; };
		11B4DC112409913A0072F2A6 /* VectorOperators.swift in Sources */ = {isa = PBXBuildFile; fileRef = 11B4DC102409913A0072F2A6 /* VectorOperators.swift */; };
		11B4DC182409C85C0072F2A6 /* MatrixDecomposition.swift in Sources */ = {isa = PBXBuildFile; fileRef = 11B4DC172409C85C0072F2A6 /* MatrixDecomposition.swift */; };
		11B4DC1A2409C9F20072F2A6 /* EigenDecomposition.swift in Sources */ = {isa = PBXBuildFile; fileRef = 11B4DC192409C9F20072F2A6 /* EigenDecomposition.swift */; };
		11B4DC2D2409D5A00072F2A6 /* GeometricAlgorithms.swift in Sources */ = {isa = PBXBuildFile; fileRef = 11B4DC2C2409D5A00072F2A6 /* GeometricAlgorithms.swift */; };
		11B4DC2F2409EA810072F2A6 /* QRDecomposition.swift in Sources */ = {isa = PBXBuildFile; fileRef = 11B4DC2E2409EA810072F2A6 /* QRDecomposition.swift */; };
		11B4DC312409F8F80072F2A6 /* EigenAlgorithms.swift in Sources */ = {isa = PBXBuildFile; fileRef = 11B4DC302409F8F80072F2A6 /* EigenAlgorithms.swift */; };
		11B4DC33240A01DF0072F2A6 /* AlgebraicAlgorithms.swift in Sources */ = {isa = PBXBuildFile; fileRef = 11B4DC32240A01DF0072F2A6 /* AlgebraicAlgorithms.swift */; };
		11DA70B923D7915000D60864 /* MESolver.swift in Sources */ = {isa = PBXBuildFile; fileRef = 11DA70B823D7915000D60864 /* MESolver.swift */; };
		11DA70BB23D791CB00D60864 /* MEquation.swift in Sources */ = {isa = PBXBuildFile; fileRef = 11DA70BA23D791CB00D60864 /* MEquation.swift */; };
		11E91FE6241049B800E93217 /* PCAAlgorithm.swift in Sources */ = {isa = PBXBuildFile; fileRef = 11E91FE5241049B800E93217 /* PCAAlgorithm.swift */; };
		11FF638423CF93DC00BC8F6A /* main.swift in Sources */ = {isa = PBXBuildFile; fileRef = 11FF638323CF93DC00BC8F6A /* main.swift */; };
		11FF638B23CF93F000BC8F6A /* Matrix.swift in Sources */ = {isa = PBXBuildFile; fileRef = 11FF638A23CF93F000BC8F6A /* Matrix.swift */; };
		11FF638D23CF93FC00BC8F6A /* Vector.swift in Sources */ = {isa = PBXBuildFile; fileRef = 11FF638C23CF93FC00BC8F6A /* Vector.swift */; };
/* End PBXBuildFile section */

/* Begin PBXCopyFilesBuildPhase section */
		11FF637E23CF93DC00BC8F6A /* CopyFiles */ = {
			isa = PBXCopyFilesBuildPhase;
			buildActionMask = 2147483647;
			dstPath = /usr/share/man/man1/;
			dstSubfolderSpec = 0;
			files = (
			);
			runOnlyForDeploymentPostprocessing = 1;
		};
/* End PBXCopyFilesBuildPhase section */

/* Begin PBXFileReference section */
		11B4DC0E240990BE0072F2A6 /* MatrixOperators.swift */ = {isa = PBXFileReference; lastKnownFileType = sourcecode.swift; path = MatrixOperators.swift; sourceTree = "<group>"; };
		11B4DC102409913A0072F2A6 /* VectorOperators.swift */ = {isa = PBXFileReference; lastKnownFileType = sourcecode.swift; path = VectorOperators.swift; sourceTree = "<group>"; };
		11B4DC172409C85C0072F2A6 /* MatrixDecomposition.swift */ = {isa = PBXFileReference; lastKnownFileType = sourcecode.swift; path = MatrixDecomposition.swift; sourceTree = "<group>"; };
		11B4DC192409C9F20072F2A6 /* EigenDecomposition.swift */ = {isa = PBXFileReference; lastKnownFileType = sourcecode.swift; path = EigenDecomposition.swift; sourceTree = "<group>"; };
		11B4DC2C2409D5A00072F2A6 /* GeometricAlgorithms.swift */ = {isa = PBXFileReference; lastKnownFileType = sourcecode.swift; path = GeometricAlgorithms.swift; sourceTree = "<group>"; };
		11B4DC2E2409EA810072F2A6 /* QRDecomposition.swift */ = {isa = PBXFileReference; lastKnownFileType = sourcecode.swift; path = QRDecomposition.swift; sourceTree = "<group>"; };
		11B4DC302409F8F80072F2A6 /* EigenAlgorithms.swift */ = {isa = PBXFileReference; lastKnownFileType = sourcecode.swift; path = EigenAlgorithms.swift; sourceTree = "<group>"; };
		11B4DC32240A01DF0072F2A6 /* AlgebraicAlgorithms.swift */ = {isa = PBXFileReference; lastKnownFileType = sourcecode.swift; path = AlgebraicAlgorithms.swift; sourceTree = "<group>"; };
		11DA70B823D7915000D60864 /* MESolver.swift */ = {isa = PBXFileReference; lastKnownFileType = sourcecode.swift; path = MESolver.swift; sourceTree = "<group>"; };
		11DA70BA23D791CB00D60864 /* MEquation.swift */ = {isa = PBXFileReference; lastKnownFileType = sourcecode.swift; path = MEquation.swift; sourceTree = "<group>"; };
		11E91FE5241049B800E93217 /* PCAAlgorithm.swift */ = {isa = PBXFileReference; lastKnownFileType = sourcecode.swift; path = PCAAlgorithm.swift; sourceTree = "<group>"; };
		11FF638023CF93DC00BC8F6A /* LinearAlgebra */ = {isa = PBXFileReference; explicitFileType = "compiled.mach-o.executable"; includeInIndex = 0; path = LinearAlgebra; sourceTree = BUILT_PRODUCTS_DIR; };
		11FF638323CF93DC00BC8F6A /* main.swift */ = {isa = PBXFileReference; lastKnownFileType = sourcecode.swift; path = main.swift; sourceTree = "<group>"; };
		11FF638A23CF93F000BC8F6A /* Matrix.swift */ = {isa = PBXFileReference; fileEncoding = 4; lastKnownFileType = sourcecode.swift; path = Matrix.swift; sourceTree = "<group>"; };
		11FF638C23CF93FC00BC8F6A /* Vector.swift */ = {isa = PBXFileReference; fileEncoding = 4; lastKnownFileType = sourcecode.swift; path = Vector.swift; sourceTree = "<group>"; };
/* End PBXFileReference section */

/* Begin PBXFrameworksBuildPhase section */
		11FF637D23CF93DC00BC8F6A /* Frameworks */ = {
			isa = PBXFrameworksBuildPhase;
			buildActionMask = 2147483647;
			files = (
			);
			runOnlyForDeploymentPostprocessing = 0;
		};
/* End PBXFrameworksBuildPhase section */

/* Begin PBXGroup section */
		11B4DC0D2409908C0072F2A6 /* Operators */ = {
			isa = PBXGroup;
			children = (
				11B4DC0E240990BE0072F2A6 /* MatrixOperators.swift */,
				11B4DC102409913A0072F2A6 /* VectorOperators.swift */,
			);
			path = Operators;
			sourceTree = "<group>";
		};
		11B4DC12240991420072F2A6 /* MultivariableEquationSolver */ = {
			isa = PBXGroup;
			children = (
				11DA70BA23D791CB00D60864 /* MEquation.swift */,
				11DA70B823D7915000D60864 /* MESolver.swift */,
			);
			path = MultivariableEquationSolver;
			sourceTree = "<group>";
		};
		11B4DC132409926B0072F2A6 /* AlgebraicStructures */ = {
			isa = PBXGroup;
			children = (
				11FF638C23CF93FC00BC8F6A /* Vector.swift */,
				11FF638A23CF93F000BC8F6A /* Matrix.swift */,
			);
			path = AlgebraicStructures;
			sourceTree = "<group>";
		};
		11B4DC1524099A440072F2A6 /* Agorithms */ = {
			isa = PBXGroup;
			children = (
				11B4DC32240A01DF0072F2A6 /* AlgebraicAlgorithms.swift */,
				11B4DC2C2409D5A00072F2A6 /* GeometricAlgorithms.swift */,
				11B4DC302409F8F80072F2A6 /* EigenAlgorithms.swift */,
				11B4DC162409C8450072F2A6 /* MatrixDecomposition */,
				11E91FE5241049B800E93217 /* PCAAlgorithm.swift */,
			);
			path = Agorithms;
			sourceTree = "<group>";
		};
		11B4DC162409C8450072F2A6 /* MatrixDecomposition */ = {
			isa = PBXGroup;
			children = (
				11B4DC172409C85C0072F2A6 /* MatrixDecomposition.swift */,
				11B4DC192409C9F20072F2A6 /* EigenDecomposition.swift */,
				11B4DC2E2409EA810072F2A6 /* QRDecomposition.swift */,
			);
			path = MatrixDecomposition;
			sourceTree = "<group>";
		};
		11FF637723CF93DC00BC8F6A = {
			isa = PBXGroup;
			children = (
				11FF638323CF93DC00BC8F6A /* main.swift */,
				11B4DC132409926B0072F2A6 /* AlgebraicStructures */,
				11B4DC0D2409908C0072F2A6 /* Operators */,
				11B4DC1524099A440072F2A6 /* Agorithms */,
				11B4DC12240991420072F2A6 /* MultivariableEquationSolver */,
				11FF638123CF93DC00BC8F6A /* Products */,
			);
			sourceTree = "<group>";
		};
		11FF638123CF93DC00BC8F6A /* Products */ = {
			isa = PBXGroup;
			children = (
				11FF638023CF93DC00BC8F6A /* LinearAlgebra */,
			);
			name = Products;
			sourceTree = "<group>";
		};
/* End PBXGroup section */

/* Begin PBXNativeTarget section */
		11FF637F23CF93DC00BC8F6A /* LinearAlgebra */ = {
			isa = PBXNativeTarget;
			buildConfigurationList = 11FF638723CF93DC00BC8F6A /* Build configuration list for PBXNativeTarget "LinearAlgebra" */;
			buildPhases = (
				11FF637C23CF93DC00BC8F6A /* Sources */,
				11FF637D23CF93DC00BC8F6A /* Frameworks */,
				11FF637E23CF93DC00BC8F6A /* CopyFiles */,
			);
			buildRules = (
			);
			dependencies = (
			);
			name = LinearAlgebra;
			productName = LinearAlgebra;
			productReference = 11FF638023CF93DC00BC8F6A /* LinearAlgebra */;
			productType = "com.apple.product-type.tool";
		};
/* End PBXNativeTarget section */

/* Begin PBXProject section */
		11FF637823CF93DC00BC8F6A /* Project object */ = {
			isa = PBXProject;
			attributes = {
				LastSwiftUpdateCheck = 1120;
				LastUpgradeCheck = 1130;
				ORGANIZATIONNAME = "Nikita Kiselov";
				TargetAttributes = {
					11FF637F23CF93DC00BC8F6A = {
						CreatedOnToolsVersion = 11.3.1;
					};
				};
			};
			buildConfigurationList = 11FF637B23CF93DC00BC8F6A /* Build configuration list for PBXProject "LinearAlgebra" */;
			compatibilityVersion = "Xcode 9.3";
			developmentRegion = en;
			hasScannedForEncodings = 0;
			knownRegions = (
				en,
				Base,
			);
			mainGroup = 11FF637723CF93DC00BC8F6A;
			productRefGroup = 11FF638123CF93DC00BC8F6A /* Products */;
			projectDirPath = "";
			projectRoot = "";
			targets = (
				11FF637F23CF93DC00BC8F6A /* LinearAlgebra */,
			);
		};
/* End PBXProject section */

/* Begin PBXSourcesBuildPhase section */
		11FF637C23CF93DC00BC8F6A /* Sources */ = {
			isa = PBXSourcesBuildPhase;
			buildActionMask = 2147483647;
			files = (
				11B4DC112409913A0072F2A6 /* VectorOperators.swift in Sources */,
				11DA70BB23D791CB00D60864 /* MEquation.swift in Sources */,
				11E91FE6241049B800E93217 /* PCAAlgorithm.swift in Sources */,
				11FF638B23CF93F000BC8F6A /* Matrix.swift in Sources */,
				11B4DC182409C85C0072F2A6 /* MatrixDecomposition.swift in Sources */,
				11B4DC1A2409C9F20072F2A6 /* EigenDecomposition.swift in Sources */,
				11FF638D23CF93FC00BC8F6A /* Vector.swift in Sources */,
				11DA70B923D7915000D60864 /* MESolver.swift in Sources */,
				11B4DC2F2409EA810072F2A6 /* QRDecomposition.swift in Sources */,
				11B4DC33240A01DF0072F2A6 /* AlgebraicAlgorithms.swift in Sources */,
				11B4DC0F240990BE0072F2A6 /* MatrixOperators.swift in Sources */,
				11FF638423CF93DC00BC8F6A /* main.swift in Sources */,
				11B4DC312409F8F80072F2A6 /* EigenAlgorithms.swift in Sources */,
				11B4DC2D2409D5A00072F2A6 /* GeometricAlgorithms.swift in Sources */,
			);
			runOnlyForDeploymentPostprocessing = 0;
		};
/* End PBXSourcesBuildPhase section */

/* Begin XCBuildConfiguration section */
		11FF638523CF93DC00BC8F6A /* Debug */ = {
			isa = XCBuildConfiguration;
			buildSettings = {
				ALWAYS_SEARCH_USER_PATHS = NO;
				CLANG_ANALYZER_NONNULL = YES;
				CLANG_ANALYZER_NUMBER_OBJECT_CONVERSION = YES_AGGRESSIVE;
				CLANG_CXX_LANGUAGE_STANDARD = "gnu++14";
				CLANG_CXX_LIBRARY = "libc++";
				CLANG_ENABLE_MODULES = YES;
				CLANG_ENABLE_OBJC_ARC = YES;
				CLANG_ENABLE_OBJC_WEAK = YES;
				CLANG_WARN_BLOCK_CAPTURE_AUTORELEASING = YES;
				CLANG_WARN_BOOL_CONVERSION = YES;
				CLANG_WARN_COMMA = YES;
				CLANG_WARN_CONSTANT_CONVERSION = YES;
				CLANG_WARN_DEPRECATED_OBJC_IMPLEMENTATIONS = YES;
				CLANG_WARN_DIRECT_OBJC_ISA_USAGE = YES_ERROR;
				CLANG_WARN_DOCUMENTATION_COMMENTS = YES;
				CLANG_WARN_EMPTY_BODY = YES;
				CLANG_WARN_ENUM_CONVERSION = YES;
				CLANG_WARN_INFINITE_RECURSION = YES;
				CLANG_WARN_INT_CONVERSION = YES;
				CLANG_WARN_NON_LITERAL_NULL_CONVERSION = YES;
				CLANG_WARN_OBJC_IMPLICIT_RETAIN_SELF = YES;
				CLANG_WARN_OBJC_LITERAL_CONVERSION = YES;
				CLANG_WARN_OBJC_ROOT_CLASS = YES_ERROR;
				CLANG_WARN_RANGE_LOOP_ANALYSIS = YES;
				CLANG_WARN_STRICT_PROTOTYPES = YES;
				CLANG_WARN_SUSPICIOUS_MOVE = YES;
				CLANG_WARN_UNGUARDED_AVAILABILITY = YES_AGGRESSIVE;
				CLANG_WARN_UNREACHABLE_CODE = YES;
				CLANG_WARN__DUPLICATE_METHOD_MATCH = YES;
				COPY_PHASE_STRIP = NO;
				DEBUG_INFORMATION_FORMAT = dwarf;
				ENABLE_STRICT_OBJC_MSGSEND = YES;
				ENABLE_TESTABILITY = YES;
				GCC_C_LANGUAGE_STANDARD = gnu11;
				GCC_DYNAMIC_NO_PIC = NO;
				GCC_NO_COMMON_BLOCKS = YES;
				GCC_OPTIMIZATION_LEVEL = 0;
				GCC_PREPROCESSOR_DEFINITIONS = (
					"DEBUG=1",
					"$(inherited)",
				);
				GCC_WARN_64_TO_32_BIT_CONVERSION = YES;
				GCC_WARN_ABOUT_RETURN_TYPE = YES_ERROR;
				GCC_WARN_UNDECLARED_SELECTOR = YES;
				GCC_WARN_UNINITIALIZED_AUTOS = YES_AGGRESSIVE;
				GCC_WARN_UNUSED_FUNCTION = YES;
				GCC_WARN_UNUSED_VARIABLE = YES;
				MACOSX_DEPLOYMENT_TARGET = 10.15;
				MTL_ENABLE_DEBUG_INFO = INCLUDE_SOURCE;
				MTL_FAST_MATH = YES;
				ONLY_ACTIVE_ARCH = YES;
				SDKROOT = macosx;
				SWIFT_ACTIVE_COMPILATION_CONDITIONS = DEBUG;
				SWIFT_OPTIMIZATION_LEVEL = "-Onone";
			};
			name = Debug;
		};
		11FF638623CF93DC00BC8F6A /* Release */ = {
			isa = XCBuildConfiguration;
			buildSettings = {
				ALWAYS_SEARCH_USER_PATHS = NO;
				CLANG_ANALYZER_NONNULL = YES;
				CLANG_ANALYZER_NUMBER_OBJECT_CONVERSION = YES_AGGRESSIVE;
				CLANG_CXX_LANGUAGE_STANDARD = "gnu++14";
				CLANG_CXX_LIBRARY = "libc++";
				CLANG_ENABLE_MODULES = YES;
				CLANG_ENABLE_OBJC_ARC = YES;
				CLANG_ENABLE_OBJC_WEAK = YES;
				CLANG_WARN_BLOCK_CAPTURE_AUTORELEASING = YES;
				CLANG_WARN_BOOL_CONVERSION = YES;
				CLANG_WARN_COMMA = YES;
				CLANG_WARN_CONSTANT_CONVERSION = YES;
				CLANG_WARN_DEPRECATED_OBJC_IMPLEMENTATIONS = YES;
				CLANG_WARN_DIRECT_OBJC_ISA_USAGE = YES_ERROR;
				CLANG_WARN_DOCUMENTATION_COMMENTS = YES;
				CLANG_WARN_EMPTY_BODY = YES;
				CLANG_WARN_ENUM_CONVERSION = YES;
				CLANG_WARN_INFINITE_RECURSION = YES;
				CLANG_WARN_INT_CONVERSION = YES;
				CLANG_WARN_NON_LITERAL_NULL_CONVERSION = YES;
				CLANG_WARN_OBJC_IMPLICIT_RETAIN_SELF = YES;
				CLANG_WARN_OBJC_LITERAL_CONVERSION = YES;
				CLANG_WARN_OBJC_ROOT_CLASS = YES_ERROR;
				CLANG_WARN_RANGE_LOOP_ANALYSIS = YES;
				CLANG_WARN_STRICT_PROTOTYPES = YES;
				CLANG_WARN_SUSPICIOUS_MOVE = YES;
				CLANG_WARN_UNGUARDED_AVAILABILITY = YES_AGGRESSIVE;
				CLANG_WARN_UNREACHABLE_CODE = YES;
				CLANG_WARN__DUPLICATE_METHOD_MATCH = YES;
				COPY_PHASE_STRIP = NO;
				DEBUG_INFORMATION_FORMAT = "dwarf-with-dsym";
				ENABLE_NS_ASSERTIONS = NO;
				ENABLE_STRICT_OBJC_MSGSEND = YES;
				GCC_C_LANGUAGE_STANDARD = gnu11;
				GCC_NO_COMMON_BLOCKS = YES;
				GCC_WARN_64_TO_32_BIT_CONVERSION = YES;
				GCC_WARN_ABOUT_RETURN_TYPE = YES_ERROR;
				GCC_WARN_UNDECLARED_SELECTOR = YES;
				GCC_WARN_UNINITIALIZED_AUTOS = YES_AGGRESSIVE;
				GCC_WARN_UNUSED_FUNCTION = YES;
				GCC_WARN_UNUSED_VARIABLE = YES;
				MACOSX_DEPLOYMENT_TARGET = 10.15;
				MTL_ENABLE_DEBUG_INFO = NO;
				MTL_FAST_MATH = YES;
				SDKROOT = macosx;
				SWIFT_COMPILATION_MODE = wholemodule;
				SWIFT_OPTIMIZATION_LEVEL = "-O";
			};
			name = Release;
		};
		11FF638823CF93DC00BC8F6A /* Debug */ = {
			isa = XCBuildConfiguration;
			buildSettings = {
				CODE_SIGN_STYLE = Automatic;
				DEVELOPMENT_TEAM = 5G72LZKFCH;
				ENABLE_HARDENED_RUNTIME = YES;
				PRODUCT_NAME = "$(TARGET_NAME)";
				SWIFT_VERSION = 5.0;
			};
			name = Debug;
		};
		11FF638923CF93DC00BC8F6A /* Release */ = {
			isa = XCBuildConfiguration;
			buildSettings = {
				CODE_SIGN_STYLE = Automatic;
				DEVELOPMENT_TEAM = 5G72LZKFCH;
				ENABLE_HARDENED_RUNTIME = YES;
				PRODUCT_NAME = "$(TARGET_NAME)";
				SWIFT_VERSION = 5.0;
			};
			name = Release;
		};
/* End XCBuildConfiguration section */

/* Begin XCConfigurationList section */
		11FF637B23CF93DC00BC8F6A /* Build configuration list for PBXProject "LinearAlgebra" */ = {
			isa = XCConfigurationList;
			buildConfigurations = (
				11FF638523CF93DC00BC8F6A /* Debug */,
				11FF638623CF93DC00BC8F6A /* Release */,
			);
			defaultConfigurationIsVisible = 0;
			defaultConfigurationName = Release;
		};
		11FF638723CF93DC00BC8F6A /* Build configuration list for PBXNativeTarget "LinearAlgebra" */ = {
			isa = XCConfigurationList;
			buildConfigurations = (
				11FF638823CF93DC00BC8F6A /* Debug */,
				11FF638923CF93DC00BC8F6A /* Release */,
			);
			defaultConfigurationIsVisible = 0;
			defaultConfigurationName = Release;
		};
/* End XCConfigurationList section */
	};
	rootObject = 11FF637823CF93DC00BC8F6A /* Project object */;
}
